
Microsoft Visual Studio Solution File, Format Version 12.00
# Visual Studio Version 17
VisualStudioVersion = 17.2.32526.322
MinimumVisualStudioVersion = 10.0.40219.1
Project("{FAE04EC0-301F-11D3-BF4B-00C04F79EFBC}") = "WebAPI.HomeTask.NorthwindService", "WebAPI.HomeTask.NorthwindService\WebAPI.HomeTask.NorthwindService.csproj", "{97AB2F2E-B339-43B0-91EA-5C82FBBC7DC7}"
EndProject
Project("{FAE04EC0-301F-11D3-BF4B-00C04F79EFBC}") = "WebAPI.HomeTask.ConsoleClient", "WebAPI.HomeTask.ConsoleClient\WebAPI.HomeTask.ConsoleClient.csproj", "{8E67B000-4706-40FD-9057-66E701D893E2}"
EndProject
Global
	GlobalSection(SolutionConfigurationPlatforms) = preSolution
		Debug|Any CPU = Debug|Any CPU
		Release|Any CPU = Release|Any CPU
	EndGlobalSection
	GlobalSection(ProjectConfigurationPlatforms) = postSolution
		{97AB2F2E-B339-43B0-91EA-5C82FBBC7DC7}.Debug|Any CPU.ActiveCfg = Debug|Any CPU
		{97AB2F2E-B339-43B0-91EA-5C82FBBC7DC7}.Debug|Any CPU.Build.0 = Debug|Any CPU
		{97AB2F2E-B339-43B0-91EA-5C82FBBC7DC7}.Release|Any CPU.ActiveCfg = Release|Any CPU
		{97AB2F2E-B339-43B0-91EA-5C82FBBC7DC7}.Release|Any CPU.Build.0 = Release|Any CPU
		{8E67B000-4706-40FD-9057-66E701D893E2}.Debug|Any CPU.ActiveCfg = Debug|Any CPU
		{8E67B000-4706-40FD-9057-66E701D893E2}.Debug|Any CPU.Build.0 = Debug|Any CPU
		{8E67B000-4706-40FD-9057-66E701D893E2}.Release|Any CPU.ActiveCfg = Release|Any CPU
		{8E67B000-4706-40FD-9057-66E701D893E2}.Release|Any CPU.Build.0 = Release|Any CPU
	EndGlobalSection
	GlobalSection(SolutionProperties) = preSolution
		HideSolutionNode = FALSE
	EndGlobalSection
	GlobalSection(ExtensibilityGlobals) = postSolution
		SolutionGuid = {14E6525B-DC4B-4C3F-9F5C-3A42366F250F}
	EndGlobalSection
EndGlobal
